// !$*UTF8*$!
{
	archiveVersion = 1;
	classes = {
	};
	objectVersion = 50;
	objects = {

/* Begin PBXBuildFile section */
		681B45EA20F45E4600FB0604 /* TableViewCell.swift in Sources */ = {isa = PBXBuildFile; fileRef = 681B45E920F45E4600FB0604 /* TableViewCell.swift */; };
		6874F0C32101A15200DDE2DD /* TweetData.swift in Sources */ = {isa = PBXBuildFile; fileRef = 6874F0C22101A15100DDE2DD /* TweetData.swift */; };
		689950F1210737330011FA19 /* ProfileEditViewController.swift in Sources */ = {isa = PBXBuildFile; fileRef = 689950F0210737330011FA19 /* ProfileEditViewController.swift */; };
		68A2EA4020F70E9900EFA8E3 /* TwitterRestApi.swift in Sources */ = {isa = PBXBuildFile; fileRef = 68A2EA3F20F70E9900EFA8E3 /* TwitterRestApi.swift */; };
		68A2EA4220F73C4A00EFA8E3 /* CreateTweetsViewController.swift in Sources */ = {isa = PBXBuildFile; fileRef = 68A2EA4120F73C4A00EFA8E3 /* CreateTweetsViewController.swift */; };
		68B548CA20F5F82000157A07 /* TwitterUserViewController.swift in Sources */ = {isa = PBXBuildFile; fileRef = 68B548C920F5F82000157A07 /* TwitterUserViewController.swift */; };
		68EE3ADC20EF9C0400BD61F1 /* TwitterHomeTimelineViewController.swift in Sources */ = {isa = PBXBuildFile; fileRef = 68EE3ADB20EF9C0400BD61F1 /* TwitterHomeTimelineViewController.swift */; };
		68EE5C2B20EF908200DF1BE8 /* AppDelegate.swift in Sources */ = {isa = PBXBuildFile; fileRef = 68EE5C2A20EF908200DF1BE8 /* AppDelegate.swift */; };
		68EE5C2D20EF908200DF1BE8 /* ViewController.swift in Sources */ = {isa = PBXBuildFile; fileRef = 68EE5C2C20EF908200DF1BE8 /* ViewController.swift */; };
		68EE5C3020EF908200DF1BE8 /* Main.storyboard in Resources */ = {isa = PBXBuildFile; fileRef = 68EE5C2E20EF908200DF1BE8 /* Main.storyboard */; };
		68EE5C3220EF908300DF1BE8 /* Assets.xcassets in Resources */ = {isa = PBXBuildFile; fileRef = 68EE5C3120EF908300DF1BE8 /* Assets.xcassets */; };
		68EE5C3520EF908300DF1BE8 /* LaunchScreen.storyboard in Resources */ = {isa = PBXBuildFile; fileRef = 68EE5C3320EF908300DF1BE8 /* LaunchScreen.storyboard */; };
		68EE5C3D20EF90D500DF1BE8 /* SafariServices.framework in Frameworks */ = {isa = PBXBuildFile; fileRef = 68EE5C3C20EF90D500DF1BE8 /* SafariServices.framework */; };
		916EC920F9AC4D815B8A99B9 /* Pods_TwitterProject.framework in Frameworks */ = {isa = PBXBuildFile; fileRef = E9696A251C24546DD968D45E /* Pods_TwitterProject.framework */; };
/* End PBXBuildFile section */

/* Begin PBXFileReference section */
		02EE136F16805431B75CEE7C /* Pods-TwitterProject.release.xcconfig */ = {isa = PBXFileReference; includeInIndex = 1; lastKnownFileType = text.xcconfig; name = "Pods-TwitterProject.release.xcconfig"; path = "Pods/Target Support Files/Pods-TwitterProject/Pods-TwitterProject.release.xcconfig"; sourceTree = "<group>"; };
		681B45E920F45E4600FB0604 /* TableViewCell.swift */ = {isa = PBXFileReference; lastKnownFileType = sourcecode.swift; path = TableViewCell.swift; sourceTree = "<group>"; };
		6874F0C22101A15100DDE2DD /* TweetData.swift */ = {isa = PBXFileReference; lastKnownFileType = sourcecode.swift; path = TweetData.swift; sourceTree = "<group>"; };
		689950F0210737330011FA19 /* ProfileEditViewController.swift */ = {isa = PBXFileReference; lastKnownFileType = sourcecode.swift; path = ProfileEditViewController.swift; sourceTree = "<group>"; };
		68A2EA3F20F70E9900EFA8E3 /* TwitterRestApi.swift */ = {isa = PBXFileReference; lastKnownFileType = sourcecode.swift; path = TwitterRestApi.swift; sourceTree = "<group>"; };
		68A2EA4120F73C4A00EFA8E3 /* CreateTweetsViewController.swift */ = {isa = PBXFileReference; lastKnownFileType = sourcecode.swift; path = CreateTweetsViewController.swift; sourceTree = "<group>"; };
		68B548C920F5F82000157A07 /* TwitterUserViewController.swift */ = {isa = PBXFileReference; lastKnownFileType = sourcecode.swift; path = TwitterUserViewController.swift; sourceTree = "<group>"; };
		68EE3ADB20EF9C0400BD61F1 /* TwitterHomeTimelineViewController.swift */ = {isa = PBXFileReference; lastKnownFileType = sourcecode.swift; path = TwitterHomeTimelineViewController.swift; sourceTree = "<group>"; };
		68EE5C2720EF908200DF1BE8 /* TwitterProject.app */ = {isa = PBXFileReference; explicitFileType = wrapper.application; includeInIndex = 0; path = TwitterProject.app; sourceTree = BUILT_PRODUCTS_DIR; };
		68EE5C2A20EF908200DF1BE8 /* AppDelegate.swift */ = {isa = PBXFileReference; lastKnownFileType = sourcecode.swift; path = AppDelegate.swift; sourceTree = "<group>"; };
		68EE5C2C20EF908200DF1BE8 /* ViewController.swift */ = {isa = PBXFileReference; lastKnownFileType = sourcecode.swift; path = ViewController.swift; sourceTree = "<group>"; };
		68EE5C2F20EF908200DF1BE8 /* Base */ = {isa = PBXFileReference; lastKnownFileType = file.storyboard; name = Base; path = Base.lproj/Main.storyboard; sourceTree = "<group>"; };
		68EE5C3120EF908300DF1BE8 /* Assets.xcassets */ = {isa = PBXFileReference; lastKnownFileType = folder.assetcatalog; path = Assets.xcassets; sourceTree = "<group>"; };
		68EE5C3420EF908300DF1BE8 /* Base */ = {isa = PBXFileReference; lastKnownFileType = file.storyboard; name = Base; path = Base.lproj/LaunchScreen.storyboard; sourceTree = "<group>"; };
		68EE5C3620EF908300DF1BE8 /* Info.plist */ = {isa = PBXFileReference; lastKnownFileType = text.plist.xml; path = Info.plist; sourceTree = "<group>"; };
		68EE5C3C20EF90D500DF1BE8 /* SafariServices.framework */ = {isa = PBXFileReference; lastKnownFileType = wrapper.framework; name = SafariServices.framework; path = System/Library/Frameworks/SafariServices.framework; sourceTree = SDKROOT; };
		E6FFD01A0F33CD7DEA1D7462 /* Pods-TwitterProject.debug.xcconfig */ = {isa = PBXFileReference; includeInIndex = 1; lastKnownFileType = text.xcconfig; name = "Pods-TwitterProject.debug.xcconfig"; path = "Pods/Target Support Files/Pods-TwitterProject/Pods-TwitterProject.debug.xcconfig"; sourceTree = "<group>"; };
		E9696A251C24546DD968D45E /* Pods_TwitterProject.framework */ = {isa = PBXFileReference; explicitFileType = wrapper.framework; includeInIndex = 0; path = Pods_TwitterProject.framework; sourceTree = BUILT_PRODUCTS_DIR; };
/* End PBXFileReference section */

/* Begin PBXFrameworksBuildPhase section */
		68EE5C2420EF908200DF1BE8 /* Frameworks */ = {
			isa = PBXFrameworksBuildPhase;
			buildActionMask = 2147483647;
			files = (
				68EE5C3D20EF90D500DF1BE8 /* SafariServices.framework in Frameworks */,
				916EC920F9AC4D815B8A99B9 /* Pods_TwitterProject.framework in Frameworks */,
			);
			runOnlyForDeploymentPostprocessing = 0;
		};
/* End PBXFrameworksBuildPhase section */

/* Begin PBXGroup section */
		221AC01E2C73904A65661BA9 /* Frameworks */ = {
			isa = PBXGroup;
			children = (
				68EE5C3C20EF90D500DF1BE8 /* SafariServices.framework */,
				E9696A251C24546DD968D45E /* Pods_TwitterProject.framework */,
			);
			name = Frameworks;
			sourceTree = "<group>";
		};
		27C69643B8289AC428979A26 /* Pods */ = {
			isa = PBXGroup;
			children = (
				E6FFD01A0F33CD7DEA1D7462 /* Pods-TwitterProject.debug.xcconfig */,
				02EE136F16805431B75CEE7C /* Pods-TwitterProject.release.xcconfig */,
			);
			name = Pods;
			sourceTree = "<group>";
		};
		68EE5C1E20EF908200DF1BE8 = {
			isa = PBXGroup;
			children = (
				68EE5C2920EF908200DF1BE8 /* TwitterProject */,
				68EE5C2820EF908200DF1BE8 /* Products */,
				221AC01E2C73904A65661BA9 /* Frameworks */,
				27C69643B8289AC428979A26 /* Pods */,
			);
			sourceTree = "<group>";
		};
		68EE5C2820EF908200DF1BE8 /* Products */ = {
			isa = PBXGroup;
			children = (
				68EE5C2720EF908200DF1BE8 /* TwitterProject.app */,
			);
			name = Products;
			sourceTree = "<group>";
		};
		68EE5C2920EF908200DF1BE8 /* TwitterProject */ = {
			isa = PBXGroup;
			children = (
				68EE5C2A20EF908200DF1BE8 /* AppDelegate.swift */,
				68EE5C2C20EF908200DF1BE8 /* ViewController.swift */,
				68A2EA3F20F70E9900EFA8E3 /* TwitterRestApi.swift */,
				68EE3ADB20EF9C0400BD61F1 /* TwitterHomeTimelineViewController.swift */,
				68B548C920F5F82000157A07 /* TwitterUserViewController.swift */,
				68A2EA4120F73C4A00EFA8E3 /* CreateTweetsViewController.swift */,
				68EE5C2E20EF908200DF1BE8 /* Main.storyboard */,
				68EE5C3120EF908300DF1BE8 /* Assets.xcassets */,
				68EE5C3320EF908300DF1BE8 /* LaunchScreen.storyboard */,
				68EE5C3620EF908300DF1BE8 /* Info.plist */,
				681B45E920F45E4600FB0604 /* TableViewCell.swift */,
				6874F0C22101A15100DDE2DD /* TweetData.swift */,
				689950F0210737330011FA19 /* ProfileEditViewController.swift */,
			);
			path = TwitterProject;
			sourceTree = "<group>";
		};
/* End PBXGroup section */

/* Begin PBXNativeTarget section */
		68EE5C2620EF908200DF1BE8 /* TwitterProject */ = {
			isa = PBXNativeTarget;
			buildConfigurationList = 68EE5C3920EF908300DF1BE8 /* Build configuration list for PBXNativeTarget "TwitterProject" */;
			buildPhases = (
				08FA10CCC830F9920190D61C /* [CP] Check Pods Manifest.lock */,
				68EE5C2320EF908200DF1BE8 /* Sources */,
				68EE5C2420EF908200DF1BE8 /* Frameworks */,
				68EE5C2520EF908200DF1BE8 /* Resources */,
				9C09D1EA670EC0EEC4C75BF2 /* [CP] Embed Pods Frameworks */,
				F33E9AEEE2E1F740AB82B2D8 /* [CP] Copy Pods Resources */,
			);
			buildRules = (
			);
			dependencies = (
			);
			name = TwitterProject;
			productName = TwitterProject;
			productReference = 68EE5C2720EF908200DF1BE8 /* TwitterProject.app */;
			productType = "com.apple.product-type.application";
		};
/* End PBXNativeTarget section */

/* Begin PBXProject section */
		68EE5C1F20EF908200DF1BE8 /* Project object */ = {
			isa = PBXProject;
			attributes = {
				LastSwiftUpdateCheck = 0940;
				LastUpgradeCheck = 0940;
				ORGANIZATIONNAME = "Huan CAO";
				TargetAttributes = {
					68EE5C2620EF908200DF1BE8 = {
						CreatedOnToolsVersion = 9.4.1;
					};
				};
			};
			buildConfigurationList = 68EE5C2220EF908200DF1BE8 /* Build configuration list for PBXProject "TwitterProject" */;
			compatibilityVersion = "Xcode 9.3";
			developmentRegion = en;
			hasScannedForEncodings = 0;
			knownRegions = (
				en,
				Base,
			);
			mainGroup = 68EE5C1E20EF908200DF1BE8;
			productRefGroup = 68EE5C2820EF908200DF1BE8 /* Products */;
			projectDirPath = "";
			projectRoot = "";
			targets = (
				68EE5C2620EF908200DF1BE8 /* TwitterProject */,
			);
		};
/* End PBXProject section */

/* Begin PBXResourcesBuildPhase section */
		68EE5C2520EF908200DF1BE8 /* Resources */ = {
			isa = PBXResourcesBuildPhase;
			buildActionMask = 2147483647;
			files = (
				68EE5C3520EF908300DF1BE8 /* LaunchScreen.storyboard in Resources */,
				68EE5C3220EF908300DF1BE8 /* Assets.xcassets in Resources */,
				68EE5C3020EF908200DF1BE8 /* Main.storyboard in Resources */,
			);
			runOnlyForDeploymentPostprocessing = 0;
		};
/* End PBXResourcesBuildPhase section */

/* Begin PBXShellScriptBuildPhase section */
		08FA10CCC830F9920190D61C /* [CP] Check Pods Manifest.lock */ = {
			isa = PBXShellScriptBuildPhase;
			buildActionMask = 2147483647;
			files = (
			);
			inputPaths = (
				"${PODS_PODFILE_DIR_PATH}/Podfile.lock",
				"${PODS_ROOT}/Manifest.lock",
			);
			name = "[CP] Check Pods Manifest.lock";
			outputPaths = (
				"$(DERIVED_FILE_DIR)/Pods-TwitterProject-checkManifestLockResult.txt",
			);
			runOnlyForDeploymentPostprocessing = 0;
			shellPath = /bin/sh;
			shellScript = "diff \"${PODS_PODFILE_DIR_PATH}/Podfile.lock\" \"${PODS_ROOT}/Manifest.lock\" > /dev/null\nif [ $? != 0 ] ; then\n    # print error to STDERR\n    echo \"error: The sandbox is not in sync with the Podfile.lock. Run 'pod install' or update your CocoaPods installation.\" >&2\n    exit 1\nfi\n# This output is used by Xcode 'outputs' to avoid re-running this script phase.\necho \"SUCCESS\" > \"${SCRIPT_OUTPUT_FILE_0}\"\n";
			showEnvVarsInLog = 0;
		};
		9C09D1EA670EC0EEC4C75BF2 /* [CP] Embed Pods Frameworks */ = {
			isa = PBXShellScriptBuildPhase;
			buildActionMask = 2147483647;
			files = (
			);
			inputPaths = (
				"${SRCROOT}/Pods/Target Support Files/Pods-TwitterProject/Pods-TwitterProject-frameworks.sh",
				"${BUILT_PRODUCTS_DIR}/Alamofire/Alamofire.framework",
				"${BUILT_PRODUCTS_DIR}/AlamofireImage/AlamofireImage.framework",
				"${BUILT_PRODUCTS_DIR}/SDWebImage/SDWebImage.framework",
				"${PODS_ROOT}/TwitterCore/iOS/TwitterCore.framework",
				"${PODS_ROOT}/TwitterKit/iOS/TwitterKit.framework",
				"${BUILT_PRODUCTS_DIR}/Unbox/Unbox.framework",
			);
			name = "[CP] Embed Pods Frameworks";
			outputPaths = (
				"${TARGET_BUILD_DIR}/${FRAMEWORKS_FOLDER_PATH}/Alamofire.framework",
				"${TARGET_BUILD_DIR}/${FRAMEWORKS_FOLDER_PATH}/AlamofireImage.framework",
				"${TARGET_BUILD_DIR}/${FRAMEWORKS_FOLDER_PATH}/SDWebImage.framework",
				"${TARGET_BUILD_DIR}/${FRAMEWORKS_FOLDER_PATH}/TwitterCore.framework",
				"${TARGET_BUILD_DIR}/${FRAMEWORKS_FOLDER_PATH}/TwitterKit.framework",
				"${TARGET_BUILD_DIR}/${FRAMEWORKS_FOLDER_PATH}/Unbox.framework",
			);
			runOnlyForDeploymentPostprocessing = 0;
			shellPath = /bin/sh;
			shellScript = "\"${SRCROOT}/Pods/Target Support Files/Pods-TwitterProject/Pods-TwitterProject-frameworks.sh\"\n";
			showEnvVarsInLog = 0;
		};
		F33E9AEEE2E1F740AB82B2D8 /* [CP] Copy Pods Resources */ = {
			isa = PBXShellScriptBuildPhase;
			buildActionMask = 2147483647;
			files = (
			);
			inputPaths = (
				"${SRCROOT}/Pods/Target Support Files/Pods-TwitterProject/Pods-TwitterProject-resources.sh",
				"${PODS_ROOT}/TwitterKit/iOS/TwitterKit.framework/TwitterKitResources.bundle",
				"${PODS_ROOT}/TwitterKit/iOS/TwitterKit.framework/TwitterShareExtensionUIResources.bundle",
			);
			name = "[CP] Copy Pods Resources";
			outputPaths = (
				"${TARGET_BUILD_DIR}/${UNLOCALIZED_RESOURCES_FOLDER_PATH}/TwitterKitResources.bundle",
				"${TARGET_BUILD_DIR}/${UNLOCALIZED_RESOURCES_FOLDER_PATH}/TwitterShareExtensionUIResources.bundle",
			);
			runOnlyForDeploymentPostprocessing = 0;
			shellPath = /bin/sh;
			shellScript = "\"${SRCROOT}/Pods/Target Support Files/Pods-TwitterProject/Pods-TwitterProject-resources.sh\"\n";
			showEnvVarsInLog = 0;
		};
/* End PBXShellScriptBuildPhase section */

/* Begin PBXSourcesBuildPhase section */
		68EE5C2320EF908200DF1BE8 /* Sources */ = {
			isa = PBXSourcesBuildPhase;
			buildActionMask = 2147483647;
			files = (
				68A2EA4020F70E9900EFA8E3 /* TwitterRestApi.swift in Sources */,
				689950F1210737330011FA19 /* ProfileEditViewController.swift in Sources */,
				68A2EA4220F73C4A00EFA8E3 /* CreateTweetsViewController.swift in Sources */,
				68EE3ADC20EF9C0400BD61F1 /* TwitterHomeTimelineViewController.swift in Sources */,
				68EE5C2D20EF908200DF1BE8 /* ViewController.swift in Sources */,
				681B45EA20F45E4600FB0604 /* TableViewCell.swift in Sources */,
				6874F0C32101A15200DDE2DD /* TweetData.swift in Sources */,
				68B548CA20F5F82000157A07 /* TwitterUserViewController.swift in Sources */,
				68EE5C2B20EF908200DF1BE8 /* AppDelegate.swift in Sources */,
			);
			runOnlyForDeploymentPostprocessing = 0;
		};
/* End PBXSourcesBuildPhase section */

/* Begin PBXVariantGroup section */
		68EE5C2E20EF908200DF1BE8 /* Main.storyboard */ = {
			isa = PBXVariantGroup;
			children = (
				68EE5C2F20EF908200DF1BE8 /* Base */,
			);
			name = Main.storyboard;
			sourceTree = "<group>";
		};
		68EE5C3320EF908300DF1BE8 /* LaunchScreen.storyboard */ = {
			isa = PBXVariantGroup;
			children = (
				68EE5C3420EF908300DF1BE8 /* Base */,
			);
			name = LaunchScreen.storyboard;
			sourceTree = "<group>";
		};
/* End PBXVariantGroup section */

/* Begin XCBuildConfiguration section */
		68EE5C3720EF908300DF1BE8 /* Debug */ = {
			isa = XCBuildConfiguration;
			buildSettings = {
				ALWAYS_SEARCH_USER_PATHS = NO;
				CLANG_ANALYZER_NONNULL = YES;
				CLANG_ANALYZER_NUMBER_OBJECT_CONVERSION = YES_AGGRESSIVE;
				CLANG_CXX_LANGUAGE_STANDARD = "gnu++14";
				CLANG_CXX_LIBRARY = "libc++";
				CLANG_ENABLE_MODULES = YES;
				CLANG_ENABLE_OBJC_ARC = YES;
				CLANG_ENABLE_OBJC_WEAK = YES;
				CLANG_WARN_BLOCK_CAPTURE_AUTORELEASING = YES;
				CLANG_WARN_BOOL_CONVERSION = YES;
				CLANG_WARN_COMMA = YES;
				CLANG_WARN_CONSTANT_CONVERSION = YES;
				CLANG_WARN_DEPRECATED_OBJC_IMPLEMENTATIONS = YES;
				CLANG_WARN_DIRECT_OBJC_ISA_USAGE = YES_ERROR;
				CLANG_WARN_DOCUMENTATION_COMMENTS = YES;
				CLANG_WARN_EMPTY_BODY = YES;
				CLANG_WARN_ENUM_CONVERSION = YES;
				CLANG_WARN_INFINITE_RECURSION = YES;
				CLANG_WARN_INT_CONVERSION = YES;
				CLANG_WARN_NON_LITERAL_NULL_CONVERSION = YES;
				CLANG_WARN_OBJC_IMPLICIT_RETAIN_SELF = YES;
				CLANG_WARN_OBJC_LITERAL_CONVERSION = YES;
				CLANG_WARN_OBJC_ROOT_CLASS = YES_ERROR;
				CLANG_WARN_RANGE_LOOP_ANALYSIS = YES;
				CLANG_WARN_STRICT_PROTOTYPES = YES;
				CLANG_WARN_SUSPICIOUS_MOVE = YES;
				CLANG_WARN_UNGUARDED_AVAILABILITY = YES_AGGRESSIVE;
				CLANG_WARN_UNREACHABLE_CODE = YES;
				CLANG_WARN__DUPLICATE_METHOD_MATCH = YES;
				CODE_SIGN_IDENTITY = "iPhone Developer";
				COPY_PHASE_STRIP = NO;
				DEBUG_INFORMATION_FORMAT = dwarf;
				ENABLE_STRICT_OBJC_MSGSEND = YES;
				ENABLE_TESTABILITY = YES;
				GCC_C_LANGUAGE_STANDARD = gnu11;
				GCC_DYNAMIC_NO_PIC = NO;
				GCC_NO_COMMON_BLOCKS = YES;
				GCC_OPTIMIZATION_LEVEL = 0;
				GCC_PREPROCESSOR_DEFINITIONS = (
					"DEBUG=1",
					"$(inherited)",
				);
				GCC_WARN_64_TO_32_BIT_CONVERSION = YES;
				GCC_WARN_ABOUT_RETURN_TYPE = YES_ERROR;
				GCC_WARN_UNDECLARED_SELECTOR = YES;
				GCC_WARN_UNINITIALIZED_AUTOS = YES_AGGRESSIVE;
				GCC_WARN_UNUSED_FUNCTION = YES;
				GCC_WARN_UNUSED_VARIABLE = YES;
				IPHONEOS_DEPLOYMENT_TARGET = 9.3;
				MTL_ENABLE_DEBUG_INFO = YES;
				ONLY_ACTIVE_ARCH = YES;
				SDKROOT = iphoneos;
				SWIFT_ACTIVE_COMPILATION_CONDITIONS = DEBUG;
				SWIFT_OPTIMIZATION_LEVEL = "-Onone";
			};
			name = Debug;
		};
		68EE5C3820EF908300DF1BE8 /* Release */ = {
			isa = XCBuildConfiguration;
			buildSettings = {
				ALWAYS_SEARCH_USER_PATHS = NO;
				CLANG_ANALYZER_NONNULL = YES;
				CLANG_ANALYZER_NUMBER_OBJECT_CONVERSION = YES_AGGRESSIVE;
				CLANG_CXX_LANGUAGE_STANDARD = "gnu++14";
				CLANG_CXX_LIBRARY = "libc++";
				CLANG_ENABLE_MODULES = YES;
				CLANG_ENABLE_OBJC_ARC = YES;
				CLANG_ENABLE_OBJC_WEAK = YES;
				CLANG_WARN_BLOCK_CAPTURE_AUTORELEASING = YES;
				CLANG_WARN_BOOL_CONVERSION = YES;
				CLANG_WARN_COMMA = YES;
				CLANG_WARN_CONSTANT_CONVERSION = YES;
				CLANG_WARN_DEPRECATED_OBJC_IMPLEMENTATIONS = YES;
				CLANG_WARN_DIRECT_OBJC_ISA_USAGE = YES_ERROR;
				CLANG_WARN_DOCUMENTATION_COMMENTS = YES;
				CLANG_WARN_EMPTY_BODY = YES;
				CLANG_WARN_ENUM_CONVERSION = YES;
				CLANG_WARN_INFINITE_RECURSION = YES;
				CLANG_WARN_INT_CONVERSION = YES;
				CLANG_WARN_NON_LITERAL_NULL_CONVERSION = YES;
				CLANG_WARN_OBJC_IMPLICIT_RETAIN_SELF = YES;
				CLANG_WARN_OBJC_LITERAL_CONVERSION = YES;
				CLANG_WARN_OBJC_ROOT_CLASS = YES_ERROR;
				CLANG_WARN_RANGE_LOOP_ANALYSIS = YES;
				CLANG_WARN_STRICT_PROTOTYPES = YES;
				CLANG_WARN_SUSPICIOUS_MOVE = YES;
				CLANG_WARN_UNGUARDED_AVAILABILITY = YES_AGGRESSIVE;
				CLANG_WARN_UNREACHABLE_CODE = YES;
				CLANG_WARN__DUPLICATE_METHOD_MATCH = YES;
				CODE_SIGN_IDENTITY = "iPhone Developer";
				COPY_PHASE_STRIP = NO;
				DEBUG_INFORMATION_FORMAT = "dwarf-with-dsym";
				ENABLE_NS_ASSERTIONS = NO;
				ENABLE_STRICT_OBJC_MSGSEND = YES;
				GCC_C_LANGUAGE_STANDARD = gnu11;
				GCC_NO_COMMON_BLOCKS = YES;
				GCC_WARN_64_TO_32_BIT_CONVERSION = YES;
				GCC_WARN_ABOUT_RETURN_TYPE = YES_ERROR;
				GCC_WARN_UNDECLARED_SELECTOR = YES;
				GCC_WARN_UNINITIALIZED_AUTOS = YES_AGGRESSIVE;
				GCC_WARN_UNUSED_FUNCTION = YES;
				GCC_WARN_UNUSED_VARIABLE = YES;
				IPHONEOS_DEPLOYMENT_TARGET = 9.3;
				MTL_ENABLE_DEBUG_INFO = NO;
				SDKROOT = iphoneos;
				SWIFT_COMPILATION_MODE = wholemodule;
				SWIFT_OPTIMIZATION_LEVEL = "-O";
				VALIDATE_PRODUCT = YES;
			};
			name = Release;
		};
		68EE5C3A20EF908300DF1BE8 /* Debug */ = {
			isa = XCBuildConfiguration;
			baseConfigurationReference = E6FFD01A0F33CD7DEA1D7462 /* Pods-TwitterProject.debug.xcconfig */;
			buildSettings = {
				ASSETCATALOG_COMPILER_APPICON_NAME = AppIcon;
				CODE_SIGN_STYLE = Automatic;
				DEVELOPMENT_TEAM = ZCSXSJ3N6L;
				INFOPLIST_FILE = TwitterProject/Info.plist;
				LD_RUNPATH_SEARCH_PATHS = (
					"$(inherited)",
					"@executable_path/Frameworks",
				);
				PRODUCT_BUNDLE_IDENTIFIER = "tmh-techlab.vn.TwitterProject";
				PRODUCT_NAME = "$(TARGET_NAME)";
				SWIFT_VERSION = 4.0;
				TARGETED_DEVICE_FAMILY = "1,2";
			};
			name = Debug;
		};
		68EE5C3B20EF908300DF1BE8 /* Release */ = {
			isa = XCBuildConfiguration;
			baseConfigurationReference = 02EE136F16805431B75CEE7C /* Pods-TwitterProject.release.xcconfig */;
			buildSettings = {
				ASSETCATALOG_COMPILER_APPICON_NAME = AppIcon;
				CODE_SIGN_STYLE = Automatic;
				DEVELOPMENT_TEAM = ZCSXSJ3N6L;
				INFOPLIST_FILE = TwitterProject/Info.plist;
				LD_RUNPATH_SEARCH_PATHS = (
					"$(inherited)",
					"@executable_path/Frameworks",
				);
				PRODUCT_BUNDLE_IDENTIFIER = "tmh-techlab.vn.TwitterProject";
				PRODUCT_NAME = "$(TARGET_NAME)";
				SWIFT_VERSION = 4.0;
				TARGETED_DEVICE_FAMILY = "1,2";
			};
			name = Release;
		};
/* End XCBuildConfiguration section */

/* Begin XCConfigurationList section */
		68EE5C2220EF908200DF1BE8 /* Build configuration list for PBXProject "TwitterProject" */ = {
			isa = XCConfigurationList;
			buildConfigurations = (
				68EE5C3720EF908300DF1BE8 /* Debug */,
				68EE5C3820EF908300DF1BE8 /* Release */,
			);
			defaultConfigurationIsVisible = 0;
			defaultConfigurationName = Release;
		};
		68EE5C3920EF908300DF1BE8 /* Build configuration list for PBXNativeTarget "TwitterProject" */ = {
			isa = XCConfigurationList;
			buildConfigurations = (
				68EE5C3A20EF908300DF1BE8 /* Debug */,
				68EE5C3B20EF908300DF1BE8 /* Release */,
			);
			defaultConfigurationIsVisible = 0;
			defaultConfigurationName = Release;
		};
/* End XCConfigurationList section */
	};
	rootObject = 68EE5C1F20EF908200DF1BE8 /* Project object */;
}
